// !$*UTF8*$!
{
	archiveVersion = 1;
	classes = {
	};
	objectVersion = 50;
	objects = {

/* Begin PBXBuildFile section */
		D43A25AC25DAA8C300EE1F1F /* AppDelegate.swift in Sources */ = {isa = PBXBuildFile; fileRef = D43A25AB25DAA8C300EE1F1F /* AppDelegate.swift */; };
		D43A25AE25DAA8C300EE1F1F /* SceneDelegate.swift in Sources */ = {isa = PBXBuildFile; fileRef = D43A25AD25DAA8C300EE1F1F /* SceneDelegate.swift */; };
		D43A25B225DAA8C500EE1F1F /* Assets.xcassets in Resources */ = {isa = PBXBuildFile; fileRef = D43A25B125DAA8C500EE1F1F /* Assets.xcassets */; };
		D43A25B525DAA8C500EE1F1F /* Preview Assets.xcassets in Resources */ = {isa = PBXBuildFile; fileRef = D43A25B425DAA8C500EE1F1F /* Preview Assets.xcassets */; };
		D43A25B825DAA8C500EE1F1F /* LaunchScreen.storyboard in Resources */ = {isa = PBXBuildFile; fileRef = D43A25B625DAA8C500EE1F1F /* LaunchScreen.storyboard */; };
		D43A260925DE276200EE1F1F /* UserRegisterView.swift in Sources */ = {isa = PBXBuildFile; fileRef = D43A260825DE276200EE1F1F /* UserRegisterView.swift */; };
/* End PBXBuildFile section */

/* Begin PBXFileReference section */
		D43A25A825DAA8C300EE1F1F /* SampleForm.app */ = {isa = PBXFileReference; explicitFileType = wrapper.application; includeInIndex = 0; path = SampleForm.app; sourceTree = BUILT_PRODUCTS_DIR; };
		D43A25AB25DAA8C300EE1F1F /* AppDelegate.swift */ = {isa = PBXFileReference; lastKnownFileType = sourcecode.swift; path = AppDelegate.swift; sourceTree = "<group>"; };
		D43A25AD25DAA8C300EE1F1F /* SceneDelegate.swift */ = {isa = PBXFileReference; lastKnownFileType = sourcecode.swift; path = SceneDelegate.swift; sourceTree = "<group>"; };
		D43A25B125DAA8C500EE1F1F /* Assets.xcassets */ = {isa = PBXFileReference; lastKnownFileType = folder.assetcatalog; path = Assets.xcassets; sourceTree = "<group>"; };
		D43A25B425DAA8C500EE1F1F /* Preview Assets.xcassets */ = {isa = PBXFileReference; lastKnownFileType = folder.assetcatalog; path = "Preview Assets.xcassets"; sourceTree = "<group>"; };
		D43A25B725DAA8C500EE1F1F /* Base */ = {isa = PBXFileReference; lastKnownFileType = file.storyboard; name = Base; path = Base.lproj/LaunchScreen.storyboard; sourceTree = "<group>"; };
		D43A25B925DAA8C500EE1F1F /* Info.plist */ = {isa = PBXFileReference; lastKnownFileType = text.plist.xml; path = Info.plist; sourceTree = "<group>"; };
		D43A260825DE276200EE1F1F /* UserRegisterView.swift */ = {isa = PBXFileReference; lastKnownFileType = sourcecode.swift; path = UserRegisterView.swift; sourceTree = "<group>"; };
/* End PBXFileReference section */

/* Begin PBXFrameworksBuildPhase section */
		D43A25A525DAA8C300EE1F1F /* Frameworks */ = {
			isa = PBXFrameworksBuildPhase;
			buildActionMask = 2147483647;
			files = (
			);
			runOnlyForDeploymentPostprocessing = 0;
		};
/* End PBXFrameworksBuildPhase section */

/* Begin PBXGroup section */
		D43A259F25DAA8C300EE1F1F = {
			isa = PBXGroup;
			children = (
				D43A25AA25DAA8C300EE1F1F /* SampleForm */,
				D43A25A925DAA8C300EE1F1F /* Products */,
			);
			sourceTree = "<group>";
		};
		D43A25A925DAA8C300EE1F1F /* Products */ = {
			isa = PBXGroup;
			children = (
				D43A25A825DAA8C300EE1F1F /* SampleForm.app */,
			);
			name = Products;
			sourceTree = "<group>";
		};
		D43A25AA25DAA8C300EE1F1F /* SampleForm */ = {
			isa = PBXGroup;
			children = (
				D43A25AB25DAA8C300EE1F1F /* AppDelegate.swift */,
				D43A25AD25DAA8C300EE1F1F /* SceneDelegate.swift */,
				D43A260825DE276200EE1F1F /* UserRegisterView.swift */,
				D43A25B125DAA8C500EE1F1F /* Assets.xcassets */,
				D43A25B625DAA8C500EE1F1F /* LaunchScreen.storyboard */,
				D43A25B925DAA8C500EE1F1F /* Info.plist */,
				D43A25B325DAA8C500EE1F1F /* Preview Content */,
			);
			path = SampleForm;
			sourceTree = "<group>";
		};
		D43A25B325DAA8C500EE1F1F /* Preview Content */ = {
			isa = PBXGroup;
			children = (
				D43A25B425DAA8C500EE1F1F /* Preview Assets.xcassets */,
			);
			path = "Preview Content";
			sourceTree = "<group>";
		};
/* End PBXGroup section */

/* Begin PBXNativeTarget section */
		D43A25A725DAA8C300EE1F1F /* SampleForm */ = {
			isa = PBXNativeTarget;
			buildConfigurationList = D43A25BC25DAA8C500EE1F1F /* Build configuration list for PBXNativeTarget "SampleForm" */;
			buildPhases = (
				D43A25A425DAA8C300EE1F1F /* Sources */,
				D43A25A525DAA8C300EE1F1F /* Frameworks */,
				D43A25A625DAA8C300EE1F1F /* Resources */,
			);
			buildRules = (
			);
			dependencies = (
			);
			name = SampleForm;
			productName = SampleForm;
			productReference = D43A25A825DAA8C300EE1F1F /* SampleForm.app */;
			productType = "com.apple.product-type.application";
		};
/* End PBXNativeTarget section */

/* Begin PBXProject section */
		D43A25A025DAA8C300EE1F1F /* Project object */ = {
			isa = PBXProject;
			attributes = {
				LastSwiftUpdateCheck = 1240;
				LastUpgradeCheck = 1240;
				TargetAttributes = {
					D43A25A725DAA8C300EE1F1F = {
						CreatedOnToolsVersion = 12.4;
					};
				};
			};
			buildConfigurationList = D43A25A325DAA8C300EE1F1F /* Build configuration list for PBXProject "SampleForm" */;
			compatibilityVersion = "Xcode 9.3";
			developmentRegion = en;
			hasScannedForEncodings = 0;
			knownRegions = (
				en,
				Base,
			);
			mainGroup = D43A259F25DAA8C300EE1F1F;
			productRefGroup = D43A25A925DAA8C300EE1F1F /* Products */;
			projectDirPath = "";
			projectRoot = "";
			targets = (
				D43A25A725DAA8C300EE1F1F /* SampleForm */,
			);
		};
/* End PBXProject section */

/* Begin PBXResourcesBuildPhase section */
		D43A25A625DAA8C300EE1F1F /* Resources */ = {
			isa = PBXResourcesBuildPhase;
			buildActionMask = 2147483647;
			files = (
				D43A25B825DAA8C500EE1F1F /* LaunchScreen.storyboard in Resources */,
				D43A25B525DAA8C500EE1F1F /* Preview Assets.xcassets in Resources */,
				D43A25B225DAA8C500EE1F1F /* Assets.xcassets in Resources */,
			);
			runOnlyForDeploymentPostprocessing = 0;
		};
/* End PBXResourcesBuildPhase section */

/* Begin PBXSourcesBuildPhase section */
		D43A25A425DAA8C300EE1F1F /* Sources */ = {
			isa = PBXSourcesBuildPhase;
			buildActionMask = 2147483647;
			files = (
				D43A260925DE276200EE1F1F /* UserRegisterView.swift in Sources */,
				D43A25AC25DAA8C300EE1F1F /* AppDelegate.swift in Sources */,
				D43A25AE25DAA8C300EE1F1F /* SceneDelegate.swift in Sources */,
			);
			runOnlyForDeploymentPostprocessing = 0;
		};
/* End PBXSourcesBuildPhase section */

/* Begin PBXVariantGroup section */
		D43A25B625DAA8C500EE1F1F /* LaunchScreen.storyboard */ = {
			isa = PBXVariantGroup;
			children = (
				D43A25B725DAA8C500EE1F1F /* Base */,
			);
			name = LaunchScreen.storyboard;
			sourceTree = "<group>";
		};
/* End PBXVariantGroup section */

/* Begin XCBuildConfiguration section */
		D43A25BA25DAA8C500EE1F1F /* Debug */ = {
			isa = XCBuildConfiguration;
			buildSettings = {
				ALWAYS_SEARCH_USER_PATHS = NO;
				CLANG_ANALYZER_NONNULL = YES;
				CLANG_ANALYZER_NUMBER_OBJECT_CONVERSION = YES_AGGRESSIVE;
				CLANG_CXX_LANGUAGE_STANDARD = "gnu++14";
				CLANG_CXX_LIBRARY = "libc++";
				CLANG_ENABLE_MODULES = YES;
				CLANG_ENABLE_OBJC_ARC = YES;
				CLANG_ENABLE_OBJC_WEAK = YES;
				CLANG_WARN_BLOCK_CAPTURE_AUTORELEASING = YES;
				CLANG_WARN_BOOL_CONVERSION = YES;
				CLANG_WARN_COMMA = YES;
				CLANG_WARN_CONSTANT_CONVERSION = YES;
				CLANG_WARN_DEPRECATED_OBJC_IMPLEMENTATIONS = YES;
				CLANG_WARN_DIRECT_OBJC_ISA_USAGE = YES_ERROR;
				CLANG_WARN_DOCUMENTATION_COMMENTS = YES;
				CLANG_WARN_EMPTY_BODY = YES;
				CLANG_WARN_ENUM_CONVERSION = YES;
				CLANG_WARN_INFINITE_RECURSION = YES;
				CLANG_WARN_INT_CONVERSION = YES;
				CLANG_WARN_NON_LITERAL_NULL_CONVERSION = YES;
				CLANG_WARN_OBJC_IMPLICIT_RETAIN_SELF = YES;
				CLANG_WARN_OBJC_LITERAL_CONVERSION = YES;
				CLANG_WARN_OBJC_ROOT_CLASS = YES_ERROR;
				CLANG_WARN_QUOTED_INCLUDE_IN_FRAMEWORK_HEADER = YES;
				CLANG_WARN_RANGE_LOOP_ANALYSIS = YES;
				CLANG_WARN_STRICT_PROTOTYPES = YES;
				CLANG_WARN_SUSPICIOUS_MOVE = YES;
				CLANG_WARN_UNGUARDED_AVAILABILITY = YES_AGGRESSIVE;
				CLANG_WARN_UNREACHABLE_CODE = YES;
				CLANG_WARN__DUPLICATE_METHOD_MATCH = YES;
				COPY_PHASE_STRIP = NO;
				DEBUG_INFORMATION_FORMAT = dwarf;
				ENABLE_STRICT_OBJC_MSGSEND = YES;
				ENABLE_TESTABILITY = YES;
				GCC_C_LANGUAGE_STANDARD = gnu11;
				GCC_DYNAMIC_NO_PIC = NO;
				GCC_NO_COMMON_BLOCKS = YES;
				GCC_OPTIMIZATION_LEVEL = 0;
				GCC_PREPROCESSOR_DEFINITIONS = (
					"DEBUG=1",
					"$(inherited)",
				);
				GCC_WARN_64_TO_32_BIT_CONVERSION = YES;
				GCC_WARN_ABOUT_RETURN_TYPE = YES_ERROR;
				GCC_WARN_UNDECLARED_SELECTOR = YES;
				GCC_WARN_UNINITIALIZED_AUTOS = YES_AGGRESSIVE;
				GCC_WARN_UNUSED_FUNCTION = YES;
				GCC_WARN_UNUSED_VARIABLE = YES;
				IPHONEOS_DEPLOYMENT_TARGET = 14.4;
				MTL_ENABLE_DEBUG_INFO = INCLUDE_SOURCE;
				MTL_FAST_MATH = YES;
				ONLY_ACTIVE_ARCH = YES;
				SDKROOT = iphoneos;
				SWIFT_ACTIVE_COMPILATION_CONDITIONS = DEBUG;
				SWIFT_OPTIMIZATION_LEVEL = "-Onone";
			};
			name = Debug;
		};
		D43A25BB25DAA8C500EE1F1F /* Release */ = {
			isa = XCBuildConfiguration;
			buildSettings = {
				ALWAYS_SEARCH_USER_PATHS = NO;
				CLANG_ANALYZER_NONNULL = YES;
				CLANG_ANALYZER_NUMBER_OBJECT_CONVERSION = YES_AGGRESSIVE;
				CLANG_CXX_LANGUAGE_STANDARD = "gnu++14";
				CLANG_CXX_LIBRARY = "libc++";
				CLANG_ENABLE_MODULES = YES;
				CLANG_ENABLE_OBJC_ARC = YES;
				CLANG_ENABLE_OBJC_WEAK = YES;
				CLANG_WARN_BLOCK_CAPTURE_AUTORELEASING = YES;
				CLANG_WARN_BOOL_CONVERSION = YES;
				CLANG_WARN_COMMA = YES;
				CLANG_WARN_CONSTANT_CONVERSION = YES;
				CLANG_WARN_DEPRECATED_OBJC_IMPLEMENTATIONS = YES;
				CLANG_WARN_DIRECT_OBJC_ISA_USAGE = YES_ERROR;
				CLANG_WARN_DOCUMENTATION_COMMENTS = YES;
				CLANG_WARN_EMPTY_BODY = YES;
				CLANG_WARN_ENUM_CONVERSION = YES;
				CLANG_WARN_INFINITE_RECURSION = YES;
				CLANG_WARN_INT_CONVERSION = YES;
				CLANG_WARN_NON_LITERAL_NULL_CONVERSION = YES;
				CLANG_WARN_OBJC_IMPLICIT_RETAIN_SELF = YES;
				CLANG_WARN_OBJC_LITERAL_CONVERSION = YES;
				CLANG_WARN_OBJC_ROOT_CLASS = YES_ERROR;
				CLANG_WARN_QUOTED_INCLUDE_IN_FRAMEWORK_HEADER = YES;
				CLANG_WARN_RANGE_LOOP_ANALYSIS = YES;
				CLANG_WARN_STRICT_PROTOTYPES = YES;
				CLANG_WARN_SUSPICIOUS_MOVE = YES;
				CLANG_WARN_UNGUARDED_AVAILABILITY = YES_AGGRESSIVE;
				CLANG_WARN_UNREACHABLE_CODE = YES;
				CLANG_WARN__DUPLICATE_METHOD_MATCH = YES;
				COPY_PHASE_STRIP = NO;
				DEBUG_INFORMATION_FORMAT = "dwarf-with-dsym";
				ENABLE_NS_ASSERTIONS = NO;
				ENABLE_STRICT_OBJC_MSGSEND = YES;
				GCC_C_LANGUAGE_STANDARD = gnu11;
				GCC_NO_COMMON_BLOCKS = YES;
				GCC_WARN_64_TO_32_BIT_CONVERSION = YES;
				GCC_WARN_ABOUT_RETURN_TYPE = YES_ERROR;
				GCC_WARN_UNDECLARED_SELECTOR = YES;
				GCC_WARN_UNINITIALIZED_AUTOS = YES_AGGRESSIVE;
				GCC_WARN_UNUSED_FUNCTION = YES;
				GCC_WARN_UNUSED_VARIABLE = YES;
				IPHONEOS_DEPLOYMENT_TARGET = 14.4;
				MTL_ENABLE_DEBUG_INFO = NO;
				MTL_FAST_MATH = YES;
				SDKROOT = iphoneos;
				SWIFT_COMPILATION_MODE = wholemodule;
				SWIFT_OPTIMIZATION_LEVEL = "-O";
				VALIDATE_PRODUCT = YES;
			};
			name = Release;
		};
		D43A25BD25DAA8C500EE1F1F /* Debug */ = {
			isa = XCBuildConfiguration;
			buildSettings = {
				ASSETCATALOG_COMPILER_APPICON_NAME = AppIcon;
				ASSETCATALOG_COMPILER_GLOBAL_ACCENT_COLOR_NAME = AccentColor;
				CODE_SIGN_STYLE = Automatic;
				DEVELOPMENT_ASSET_PATHS = "\"SampleForm/Preview Content\"";
				ENABLE_PREVIEWS = YES;
				INFOPLIST_FILE = SampleForm/Info.plist;
				LD_RUNPATH_SEARCH_PATHS = (
					"$(inherited)",
					"@executable_path/Frameworks",
				);
				PRODUCT_BUNDLE_IDENTIFIER = com.Ryoya.SampleForm;
				PRODUCT_NAME = "$(TARGET_NAME)";
				SWIFT_VERSION = 5.0;
				TARGETED_DEVICE_FAMILY = "1,2";
			};
			name = Debug;
		};
		D43A25BE25DAA8C500EE1F1F /* Release */ = {
			isa = XCBuildConfiguration;
			buildSettings = {
				ASSETCATALOG_COMPILER_APPICON_NAME = AppIcon;
				ASSETCATALOG_COMPILER_GLOBAL_ACCENT_COLOR_NAME = AccentColor;
				CODE_SIGN_STYLE = Automatic;
				DEVELOPMENT_ASSET_PATHS = "\"SampleForm/Preview Content\"";
				ENABLE_PREVIEWS = YES;
				INFOPLIST_FILE = SampleForm/Info.plist;
				LD_RUNPATH_SEARCH_PATHS = (
					"$(inherited)",
					"@executable_path/Frameworks",
				);
				PRODUCT_BUNDLE_IDENTIFIER = com.Ryoya.SampleForm;
				PRODUCT_NAME = "$(TARGET_NAME)";
				SWIFT_VERSION = 5.0;
				TARGETED_DEVICE_FAMILY = "1,2";
			};
			name = Release;
		};
/* End XCBuildConfiguration section */

/* Begin XCConfigurationList section */
		D43A25A325DAA8C300EE1F1F /* Build configuration list for PBXProject "SampleForm" */ = {
			isa = XCConfigurationList;
			buildConfigurations = (
				D43A25BA25DAA8C500EE1F1F /* Debug */,
				D43A25BB25DAA8C500EE1F1F /* Release */,
			);
			defaultConfigurationIsVisible = 0;
			defaultConfigurationName = Release;
		};
		D43A25BC25DAA8C500EE1F1F /* Build configuration list for PBXNativeTarget "SampleForm" */ = {
			isa = XCConfigurationList;
			buildConfigurations = (
				D43A25BD25DAA8C500EE1F1F /* Debug */,
				D43A25BE25DAA8C500EE1F1F /* Release */,
			);
			defaultConfigurationIsVisible = 0;
			defaultConfigurationName = Release;
		};
/* End XCConfigurationList section */
	};
	rootObject = D43A25A025DAA8C300EE1F1F /* Project object */;
}
